
Microsoft Visual Studio Solution File, Format Version 12.00
# Visual Studio Version 16
VisualStudioVersion = 16.0.29503.13
MinimumVisualStudioVersion = 10.0.40219.1
Project("{FAE04EC0-301F-11D3-BF4B-00C04F79EFBC}") = "SimpleUI", "SimpleUI\SimpleUI.csproj", "{03EBE6FE-E4AD-4955-BC65-42DC67307EA9}"
EndProject
Project("{FAE04EC0-301F-11D3-BF4B-00C04F79EFBC}") = "AcumaticaLibrary", "AcumaticaLibrary\AcumaticaLibrary.csproj", "{9E192BDE-CCF4-4202-AD38-BCF456EC4681}"
EndProject
Project("{FAE04EC0-301F-11D3-BF4B-00C04F79EFBC}") = "SourceLibrary", "SourceLibrary\SourceLibrary.csproj", "{5FC2328C-CE80-4EDD-AD7E-7E6E9D5A18E0}"
EndProject
Global
	GlobalSection(SolutionConfigurationPlatforms) = preSolution
		Debug|Any CPU = Debug|Any CPU
		Release|Any CPU = Release|Any CPU
	EndGlobalSection
	GlobalSection(ProjectConfigurationPlatforms) = postSolution
		{03EBE6FE-E4AD-4955-BC65-42DC67307EA9}.Debug|Any CPU.ActiveCfg = Debug|Any CPU
		{03EBE6FE-E4AD-4955-BC65-42DC67307EA9}.Debug|Any CPU.Build.0 = Debug|Any CPU
		{03EBE6FE-E4AD-4955-BC65-42DC67307EA9}.Release|Any CPU.ActiveCfg = Release|Any CPU
		{03EBE6FE-E4AD-4955-BC65-42DC67307EA9}.Release|Any CPU.Build.0 = Release|Any CPU
		{9E192BDE-CCF4-4202-AD38-BCF456EC4681}.Debug|Any CPU.ActiveCfg = Debug|Any CPU
		{9E192BDE-CCF4-4202-AD38-BCF456EC4681}.Debug|Any CPU.Build.0 = Debug|Any CPU
		{9E192BDE-CCF4-4202-AD38-BCF456EC4681}.Release|Any CPU.ActiveCfg = Release|Any CPU
		{9E192BDE-CCF4-4202-AD38-BCF456EC4681}.Release|Any CPU.Build.0 = Release|Any CPU
		{5FC2328C-CE80-4EDD-AD7E-7E6E9D5A18E0}.Debug|Any CPU.ActiveCfg = Debug|Any CPU
		{5FC2328C-CE80-4EDD-AD7E-7E6E9D5A18E0}.Debug|Any CPU.Build.0 = Debug|Any CPU
		{5FC2328C-CE80-4EDD-AD7E-7E6E9D5A18E0}.Release|Any CPU.ActiveCfg = Release|Any CPU
		{5FC2328C-CE80-4EDD-AD7E-7E6E9D5A18E0}.Release|Any CPU.Build.0 = Release|Any CPU
	EndGlobalSection
	GlobalSection(SolutionProperties) = preSolution
		HideSolutionNode = FALSE
	EndGlobalSection
	GlobalSection(ExtensibilityGlobals) = postSolution
		SolutionGuid = {782BA0A4-066D-48A3-847D-FFB7E5F0DC3F}
	EndGlobalSection
EndGlobal
